
Microsoft Visual Studio Solution File, Format Version 12.00
Project("{FAE04EC0-301F-11D3-BF4B-00C04F79EFBC}") = "GOSTSpec", "GOSTSpec\GOSTSpec.csproj", "{AEE9C447-195D-4769-AFB8-FE5196E02DAB}"
EndProject
Global
	GlobalSection(SolutionConfigurationPlatforms) = preSolution
		Debug|Any CPU = Debug|Any CPU
		Release|Any CPU = Release|Any CPU
	EndGlobalSection
	GlobalSection(ProjectConfigurationPlatforms) = postSolution
		{AEE9C447-195D-4769-AFB8-FE5196E02DAB}.Debug|Any CPU.ActiveCfg = Debug|Any CPU
		{AEE9C447-195D-4769-AFB8-FE5196E02DAB}.Debug|Any CPU.Build.0 = Debug|Any CPU
		{AEE9C447-195D-4769-AFB8-FE5196E02DAB}.Release|Any CPU.ActiveCfg = Release|Any CPU
		{AEE9C447-195D-4769-AFB8-FE5196E02DAB}.Release|Any CPU.Build.0 = Release|Any CPU
	EndGlobalSection
EndGlobal
